{
  "version": 4,
  "terraform_version": "1.12.1",
  "serial": 5,
  "lineage": "4b2f8ba2-7994-e75d-3c8e-e4003db78084",
  "outputs": {},
  "resources": [
    {
      "mode": "managed",
      "type": "local_file",
      "name": "reverse-flash",
      "provider": "provider[\"registry.terraform.io/hashicorp/local\"]",
      "instances": [
        {
          "schema_version": 0,
          "attributes": {
            "content": "reverse-flash",
            "content_base64": null,
            "content_base64sha256": "Kace3gKIeU2ZCrzpIfitqTpaWRR2kK9h1SfG7HQX9g8=",
            "content_base64sha512": "B02UG9wp6Czo23pn2gT/+YreJPaAoMf5fvjDpnymQiXsSfNSHvLfhyn4qXmNQUqborgGFq3imi6wMp7GYHQnPg==",
            "content_md5": "f6cc31cf8b2e4d5868b646567f2c8edb",
            "content_sha1": "eebf1b0eee8ccea695bf7925def3d540801e16c7",
            "content_sha256": "29a71ede0288794d990abce921f8ada93a5a59147690af61d527c6ec7417f60f",
            "content_sha512": "074d941bdc29e82ce8db7a67da04fff98ade24f680a0c7f97ef8c3a67ca64225ec49f3521ef2df8729f8a9798d414a9ba2b80616ade29a2eb0329ec66074273e",
            "directory_permission": "0777",
            "file_permission": "0777",
            "filename": "/root/reverse-flash",
            "id": "eebf1b0eee8ccea695bf7925def3d540801e16c7",
            "sensitive_content": null,
            "source": null
          },
          "sensitive_attributes": [
            [
              {
                "type": "get_attr",
                "value": "sensitive_content"
              }
            ]
          ],
          "identity_schema_version": 0
        }
      ]
    },
    {
      "mode": "managed",
      "type": "local_file",
      "name": "riddler",
      "provider": "provider[\"registry.terraform.io/hashicorp/local\"]",
      "instances": [
        {
          "schema_version": 0,
          "attributes": {
            "content": "riddler",
            "content_base64": null,
            "content_base64sha256": "ZovOaJeJQ6wk+LukJRF4IvHfbvLwrjID3HoP9Mrvo6A=",
            "content_base64sha512": "ZzOhD2IhUO4zPafhb8xoi1zMpVzfiOcprBlhCY7waUIS1/zHmvtbVYqS5aQdXnTQEFjEmuvjlwqaV9kErD/7TA==",
            "content_md5": "426c70c360c4b0c5ef58e6dc535cf520",
            "content_sha1": "4a99c9eed6c660f5874cc2505558d5abf940a498",
            "content_sha256": "668bce68978943ac24f8bba425117822f1df6ef2f0ae3203dc7a0ff4caefa3a0",
            "content_sha512": "6733a10f622150ee333da7e16fcc688b5ccca55cdf88e729ac1961098ef0694212d7fcc79afb5b558a92e5a41d5e74d01058c49aebe3970a9a57d904ac3ffb4c",
            "directory_permission": "0777",
            "file_permission": "0777",
            "filename": "/root/riddler",
            "id": "4a99c9eed6c660f5874cc2505558d5abf940a498",
            "sensitive_content": null,
            "source": null
          },
          "sensitive_attributes": [
            [
              {
                "type": "get_attr",
                "value": "sensitive_content"
              }
            ]
          ],
          "identity_schema_version": 0
        }
      ]
    },
    {
      "mode": "managed",
      "type": "local_file",
      "name": "speed_force",
      "provider": "provider[\"registry.terraform.io/hashicorp/local\"]",
      "instances": [
        {
          "schema_version": 0,
          "attributes": {
            "content": "speed-force",
            "content_base64": null,
            "content_base64sha256": "+hI5F86aVJG7nQ6K0VEOJHTIhlj5aRLnpODNbyZExtI=",
            "content_base64sha512": "COfaah4Goo2T1qerQ8gYg5uR6onGpW1IjlpCtZuOW3UT+MH0rzPSj/LSKTJHHCfYVL0w3Q0B78u8RsRpueUNqg==",
            "content_md5": "b5db1e5be7170beefea11ae7271a06a8",
            "content_sha1": "ebeb8b595c8eb4a6e81cacf244146e742fab2981",
            "content_sha256": "fa123917ce9a5491bb9d0e8ad1510e2474c88658f96912e7a4e0cd6f2644c6d2",
            "content_sha512": "08e7da6a1e06a28d93d6a7ab43c818839b91ea89c6a56d488e5a42b59b8e5b7513f8c1f4af33d28ff2d22932471c27d854bd30dd0d01efcbbc46c469b9e50daa",
            "directory_permission": "0777",
            "file_permission": "0777",
            "filename": "/root/speed-force",
            "id": "ebeb8b595c8eb4a6e81cacf244146e742fab2981",
            "sensitive_content": null,
            "source": null
          },
          "sensitive_attributes": [
            [
              {
                "type": "get_attr",
                "value": "sensitive_content"
              }
            ]
          ],
          "identity_schema_version": 0
        }
      ]
    },
    {
      "mode": "managed",
      "type": "local_file",
      "name": "zoom",
      "provider": "provider[\"registry.terraform.io/hashicorp/local\"]",
      "instances": [
        {
          "schema_version": 0,
          "attributes": {
            "content": "zoom",
            "content_base64": null,
            "content_base64sha256": "0hu1N3JdYD7i2635w9Hikaa3rtIV02o05YoaOw2qUIQ=",
            "content_base64sha512": "3Y2YQB1BY5V4oYMn3EG3BuLyLFtEZINT1DQ+37JtqKgecw0RXR4hvh4dfrMJNcD0jYgwfh1k64noe1NNjLZx8w==",
            "content_md5": "15913c103a5238e5a80ac2f498ee090d",
            "content_sha1": "92298812107bb17eff1b85e15547ae13b6fee3a1",
            "content_sha256": "d21bb537725d603ee2dbadf9c3d1e291a6b7aed215d36a34e58a1a3b0daa5084",
            "content_sha512": "dd8d98401d41639578a18327dc41b706e2f22c5b44648353d4343edfb26da8a81e730d115d1e21be1e1d7eb30935c0f48d88307e1d64eb89e87b534d8cb671f3",
            "directory_permission": "0777",
            "file_permission": "0777",
            "filename": "/root/zoom",
            "id": "92298812107bb17eff1b85e15547ae13b6fee3a1",
            "sensitive_content": null,
            "source": null
          },
          "sensitive_attributes": [
            [
              {
                "type": "get_attr",
                "value": "sensitive_content"
              }
            ]
          ],
          "identity_schema_version": 0
        }
      ]
    }
  ],
  "check_results": null
}
