{
  "version": 4,
  "terraform_version": "1.12.1",
  "serial": 2,
  "lineage": "fa93c250-8097-ab2e-1416-9942622161b3",
  "outputs": {
    "pet-name": {
      "value": "monitor",
      "type": "string"
    }
  },
  "resources": [
    {
      "mode": "managed",
      "type": "random_pet",
      "name": "my-pet",
      "provider": "provider[\"registry.terraform.io/hashicorp/random\"]",
      "instances": [
        {
          "schema_version": 0,
          "attributes": {
            "id": "monitor",
            "keepers": null,
            "length": 1,
            "prefix": null,
            "separator": "-"
          },
          "sensitive_attributes": [],
          "identity_schema_version": 0
        }
      ]
    }
  ],
  "check_results": null
}
