{
  "version": 4,
  "terraform_version": "1.12.1",
  "serial": 3,
  "lineage": "b3b1d092-25ae-3002-d518-9d4b43806e4f",
  "outputs": {},
  "resources": [
    {
      "mode": "managed",
      "type": "local_file",
      "name": "krill",
      "provider": "provider[\"registry.terraform.io/hashicorp/local\"]",
      "instances": [
        {
          "schema_version": 0,
          "attributes": {
            "content": "krill",
            "content_base64": null,
            "content_base64sha256": "Dmtp+9GDa70nRYcWS9veAiGQGXTsSt5Afkv0w1cnPu0=",
            "content_base64sha512": "pnc90Hds4C8R6bxqRS1u/KyYsuPb4HTeK3ZogeV/Wg5xJW/2/1+Z6TBTYGdocQZ59bCeQnBiKMD6DopmiMd8Fw==",
            "content_md5": "402c53ab08aeb2915387d8bccd08a18d",
            "content_sha1": "893a03dee4098efabc1d4a97a2fd6cc568ff731c",
            "content_sha256": "0e6b69fbd1836bbd274587164bdbde0221901974ec4ade407e4bf4c357273eed",
            "content_sha512": "a6773dd0776ce02f11e9bc6a452d6efcac98b2e3dbe074de2b766881e57f5a0e71256ff6ff5f99e93053606768710679f5b09e42706228c0fa0e8a6688c77c17",
            "directory_permission": "0777",
            "file_permission": "0777",
            "filename": "/root/krill",
            "id": "893a03dee4098efabc1d4a97a2fd6cc568ff731c",
            "sensitive_content": null,
            "source": null
          },
          "sensitive_attributes": [
            [
              {
                "type": "get_attr",
                "value": "sensitive_content"
              }
            ]
          ],
          "identity_schema_version": 0
        }
      ]
    },
    {
      "mode": "managed",
      "type": "local_file",
      "name": "whale",
      "provider": "provider[\"registry.terraform.io/hashicorp/local\"]",
      "instances": [
        {
          "schema_version": 0,
          "attributes": {
            "content": "whale",
            "content_base64": null,
            "content_base64sha256": "pdKuKG0NnkXAYhpvx8GBGZQN1ze6qNeU5q81fSE2p6E=",
            "content_base64sha512": "3sywds7/llJfgZqzJisgWwxdKuoZC7VyP1Xe4IvBYjbVHkxeVd+Yc6xpNRPjfa5mehJrZ6+sZGFDnIxxkTGHyw==",
            "content_md5": "1ebfd5913ef450b92b9e65b6de09acad",
            "content_sha1": "1769e230f7885e9153bb0e4fe515ee1d08fdab0b",
            "content_sha256": "a5d2ae286d0d9e45c0621a6fc7c18119940dd737baa8d794e6af357d2136a7a1",
            "content_sha512": "deccb076ceff96525f819ab3262b205b0c5d2aea190bb5723f55dee08bc16236d51e4c5e55df9873ac693513e37dae667a126b67afac6461439c8c71913187cb",
            "directory_permission": "0777",
            "file_permission": "0777",
            "filename": "/root/whale",
            "id": "1769e230f7885e9153bb0e4fe515ee1d08fdab0b",
            "sensitive_content": null,
            "source": null
          },
          "sensitive_attributes": [
            [
              {
                "type": "get_attr",
                "value": "sensitive_content"
              }
            ]
          ],
          "identity_schema_version": 0,
          "dependencies": [
            "local_file.krill"
          ]
        }
      ]
    }
  ],
  "check_results": null
}
